
Microsoft Visual Studio Solution File, Format Version 12.00
# Visual Studio 15
VisualStudioVersion = 15.0.26124.0
MinimumVisualStudioVersion = 15.0.26124.0
Project("{FAE04EC0-301F-11D3-BF4B-00C04F79EFBC}") = "API", "API\API.csproj", "{B1318B17-92D0-4AD7-9D05-D5FA1BA561B4}"
EndProject
Project("{FAE04EC0-301F-11D3-BF4B-00C04F79EFBC}") = "Core", "Core\Core.csproj", "{92AC7956-6F2F-4E8E-A9A6-996C0C496947}"
EndProject
Project("{FAE04EC0-301F-11D3-BF4B-00C04F79EFBC}") = "Infrastructure", "Infrastructure\Infrastructure.csproj", "{0B686DC4-0CD4-427D-9ED3-69D1DB3B14E1}"
EndProject
Global
	GlobalSection(SolutionConfigurationPlatforms) = preSolution
		Debug|Any CPU = Debug|Any CPU
		Debug|x64 = Debug|x64
		Debug|x86 = Debug|x86
		Release|Any CPU = Release|Any CPU
		Release|x64 = Release|x64
		Release|x86 = Release|x86
	EndGlobalSection
	GlobalSection(SolutionProperties) = preSolution
		HideSolutionNode = FALSE
	EndGlobalSection
	GlobalSection(ProjectConfigurationPlatforms) = postSolution
		{B1318B17-92D0-4AD7-9D05-D5FA1BA561B4}.Debug|Any CPU.ActiveCfg = Debug|Any CPU
		{B1318B17-92D0-4AD7-9D05-D5FA1BA561B4}.Debug|Any CPU.Build.0 = Debug|Any CPU
		{B1318B17-92D0-4AD7-9D05-D5FA1BA561B4}.Debug|x64.ActiveCfg = Debug|Any CPU
		{B1318B17-92D0-4AD7-9D05-D5FA1BA561B4}.Debug|x64.Build.0 = Debug|Any CPU
		{B1318B17-92D0-4AD7-9D05-D5FA1BA561B4}.Debug|x86.ActiveCfg = Debug|Any CPU
		{B1318B17-92D0-4AD7-9D05-D5FA1BA561B4}.Debug|x86.Build.0 = Debug|Any CPU
		{B1318B17-92D0-4AD7-9D05-D5FA1BA561B4}.Release|Any CPU.ActiveCfg = Release|Any CPU
		{B1318B17-92D0-4AD7-9D05-D5FA1BA561B4}.Release|Any CPU.Build.0 = Release|Any CPU
		{B1318B17-92D0-4AD7-9D05-D5FA1BA561B4}.Release|x64.ActiveCfg = Release|Any CPU
		{B1318B17-92D0-4AD7-9D05-D5FA1BA561B4}.Release|x64.Build.0 = Release|Any CPU
		{B1318B17-92D0-4AD7-9D05-D5FA1BA561B4}.Release|x86.ActiveCfg = Release|Any CPU
		{B1318B17-92D0-4AD7-9D05-D5FA1BA561B4}.Release|x86.Build.0 = Release|Any CPU
		{92AC7956-6F2F-4E8E-A9A6-996C0C496947}.Debug|Any CPU.ActiveCfg = Debug|Any CPU
		{92AC7956-6F2F-4E8E-A9A6-996C0C496947}.Debug|Any CPU.Build.0 = Debug|Any CPU
		{92AC7956-6F2F-4E8E-A9A6-996C0C496947}.Debug|x64.ActiveCfg = Debug|Any CPU
		{92AC7956-6F2F-4E8E-A9A6-996C0C496947}.Debug|x64.Build.0 = Debug|Any CPU
		{92AC7956-6F2F-4E8E-A9A6-996C0C496947}.Debug|x86.ActiveCfg = Debug|Any CPU
		{92AC7956-6F2F-4E8E-A9A6-996C0C496947}.Debug|x86.Build.0 = Debug|Any CPU
		{92AC7956-6F2F-4E8E-A9A6-996C0C496947}.Release|Any CPU.ActiveCfg = Release|Any CPU
		{92AC7956-6F2F-4E8E-A9A6-996C0C496947}.Release|Any CPU.Build.0 = Release|Any CPU
		{92AC7956-6F2F-4E8E-A9A6-996C0C496947}.Release|x64.ActiveCfg = Release|Any CPU
		{92AC7956-6F2F-4E8E-A9A6-996C0C496947}.Release|x64.Build.0 = Release|Any CPU
		{92AC7956-6F2F-4E8E-A9A6-996C0C496947}.Release|x86.ActiveCfg = Release|Any CPU
		{92AC7956-6F2F-4E8E-A9A6-996C0C496947}.Release|x86.Build.0 = Release|Any CPU
		{0B686DC4-0CD4-427D-9ED3-69D1DB3B14E1}.Debug|Any CPU.ActiveCfg = Debug|Any CPU
		{0B686DC4-0CD4-427D-9ED3-69D1DB3B14E1}.Debug|Any CPU.Build.0 = Debug|Any CPU
		{0B686DC4-0CD4-427D-9ED3-69D1DB3B14E1}.Debug|x64.ActiveCfg = Debug|Any CPU
		{0B686DC4-0CD4-427D-9ED3-69D1DB3B14E1}.Debug|x64.Build.0 = Debug|Any CPU
		{0B686DC4-0CD4-427D-9ED3-69D1DB3B14E1}.Debug|x86.ActiveCfg = Debug|Any CPU
		{0B686DC4-0CD4-427D-9ED3-69D1DB3B14E1}.Debug|x86.Build.0 = Debug|Any CPU
		{0B686DC4-0CD4-427D-9ED3-69D1DB3B14E1}.Release|Any CPU.ActiveCfg = Release|Any CPU
		{0B686DC4-0CD4-427D-9ED3-69D1DB3B14E1}.Release|Any CPU.Build.0 = Release|Any CPU
		{0B686DC4-0CD4-427D-9ED3-69D1DB3B14E1}.Release|x64.ActiveCfg = Release|Any CPU
		{0B686DC4-0CD4-427D-9ED3-69D1DB3B14E1}.Release|x64.Build.0 = Release|Any CPU
		{0B686DC4-0CD4-427D-9ED3-69D1DB3B14E1}.Release|x86.ActiveCfg = Release|Any CPU
		{0B686DC4-0CD4-427D-9ED3-69D1DB3B14E1}.Release|x86.Build.0 = Release|Any CPU
	EndGlobalSection
EndGlobal
